
Microsoft Visual Studio Solution File, Format Version 12.00
# Visual Studio Version 17
VisualStudioVersion = 17.1.32228.430
MinimumVisualStudioVersion = 10.0.40219.1
Project("{9A19103F-16F7-4668-BE54-9A1E7A4F7556}") = "Dvog.API", "Dvog.API\Dvog.API.csproj", "{53E50E0B-7993-460C-A2DD-54D2412C4801}"
EndProject
Project("{9A19103F-16F7-4668-BE54-9A1E7A4F7556}") = "Dvog.BL", "Dvog.BL\Dvog.BL.csproj", "{8006CA12-D866-43B4-AC81-BD5CF1C7C646}"
EndProject
Project("{9A19103F-16F7-4668-BE54-9A1E7A4F7556}") = "Dvog.DataAccess", "Dvog.DataAccess\Dvog.DataAccess.csproj", "{B764984F-9014-4C13-91AC-9352648CBA9B}"
EndProject
Project("{9A19103F-16F7-4668-BE54-9A1E7A4F7556}") = "Dvog.Domain", "Dvog.Domain\Dvog.Domain.csproj", "{1A765F76-6308-4D15-9D9D-456B9AD3FDEA}"
EndProject
Project("{9A19103F-16F7-4668-BE54-9A1E7A4F7556}") = "Dvog.UnitTests", "Dvog.UnitTests\Dvog.UnitTests.csproj", "{3AFAB96D-78EA-41A3-8FBA-BD18271E1186}"
EndProject
Project("{9A19103F-16F7-4668-BE54-9A1E7A4F7556}") = "Dvog.IntegrationTests", "Dvog.IntegrationTests\Dvog.IntegrationTests.csproj", "{33293A7B-F921-4863-B73F-D9D0705C6083}"
EndProject
Project("{E53339B2-1760-4266-BCC7-CA923CBCF16C}") = "docker-compose", "docker-compose.dcproj", "{2BAF607B-115A-4811-8AC3-26696C2C3538}"
EndProject
Project("{2150E333-8FDC-42A3-9474-1A3956D46DE8}") = "Solution Items", "Solution Items", "{09BF1EAF-C696-4B46-BE49-E3D1595EDD02}"
	ProjectSection(SolutionItems) = preProject
		.editorconfig = .editorconfig
	EndProjectSection
EndProject
Global
	GlobalSection(SolutionConfigurationPlatforms) = preSolution
		Debug|Any CPU = Debug|Any CPU
		Release|Any CPU = Release|Any CPU
	EndGlobalSection
	GlobalSection(ProjectConfigurationPlatforms) = postSolution
		{53E50E0B-7993-460C-A2DD-54D2412C4801}.Debug|Any CPU.ActiveCfg = Debug|Any CPU
		{53E50E0B-7993-460C-A2DD-54D2412C4801}.Debug|Any CPU.Build.0 = Debug|Any CPU
		{53E50E0B-7993-460C-A2DD-54D2412C4801}.Release|Any CPU.ActiveCfg = Release|Any CPU
		{53E50E0B-7993-460C-A2DD-54D2412C4801}.Release|Any CPU.Build.0 = Release|Any CPU
		{8006CA12-D866-43B4-AC81-BD5CF1C7C646}.Debug|Any CPU.ActiveCfg = Debug|Any CPU
		{8006CA12-D866-43B4-AC81-BD5CF1C7C646}.Debug|Any CPU.Build.0 = Debug|Any CPU
		{8006CA12-D866-43B4-AC81-BD5CF1C7C646}.Release|Any CPU.ActiveCfg = Release|Any CPU
		{8006CA12-D866-43B4-AC81-BD5CF1C7C646}.Release|Any CPU.Build.0 = Release|Any CPU
		{B764984F-9014-4C13-91AC-9352648CBA9B}.Debug|Any CPU.ActiveCfg = Debug|Any CPU
		{B764984F-9014-4C13-91AC-9352648CBA9B}.Debug|Any CPU.Build.0 = Debug|Any CPU
		{B764984F-9014-4C13-91AC-9352648CBA9B}.Release|Any CPU.ActiveCfg = Release|Any CPU
		{B764984F-9014-4C13-91AC-9352648CBA9B}.Release|Any CPU.Build.0 = Release|Any CPU
		{1A765F76-6308-4D15-9D9D-456B9AD3FDEA}.Debug|Any CPU.ActiveCfg = Debug|Any CPU
		{1A765F76-6308-4D15-9D9D-456B9AD3FDEA}.Debug|Any CPU.Build.0 = Debug|Any CPU
		{1A765F76-6308-4D15-9D9D-456B9AD3FDEA}.Release|Any CPU.ActiveCfg = Release|Any CPU
		{1A765F76-6308-4D15-9D9D-456B9AD3FDEA}.Release|Any CPU.Build.0 = Release|Any CPU
		{3AFAB96D-78EA-41A3-8FBA-BD18271E1186}.Debug|Any CPU.ActiveCfg = Debug|Any CPU
		{3AFAB96D-78EA-41A3-8FBA-BD18271E1186}.Debug|Any CPU.Build.0 = Debug|Any CPU
		{3AFAB96D-78EA-41A3-8FBA-BD18271E1186}.Release|Any CPU.ActiveCfg = Release|Any CPU
		{3AFAB96D-78EA-41A3-8FBA-BD18271E1186}.Release|Any CPU.Build.0 = Release|Any CPU
		{33293A7B-F921-4863-B73F-D9D0705C6083}.Debug|Any CPU.ActiveCfg = Debug|Any CPU
		{33293A7B-F921-4863-B73F-D9D0705C6083}.Debug|Any CPU.Build.0 = Debug|Any CPU
		{33293A7B-F921-4863-B73F-D9D0705C6083}.Release|Any CPU.ActiveCfg = Release|Any CPU
		{33293A7B-F921-4863-B73F-D9D0705C6083}.Release|Any CPU.Build.0 = Release|Any CPU
		{2BAF607B-115A-4811-8AC3-26696C2C3538}.Debug|Any CPU.ActiveCfg = Debug|Any CPU
		{2BAF607B-115A-4811-8AC3-26696C2C3538}.Debug|Any CPU.Build.0 = Debug|Any CPU
		{2BAF607B-115A-4811-8AC3-26696C2C3538}.Release|Any CPU.ActiveCfg = Release|Any CPU
		{2BAF607B-115A-4811-8AC3-26696C2C3538}.Release|Any CPU.Build.0 = Release|Any CPU
	EndGlobalSection
	GlobalSection(SolutionProperties) = preSolution
		HideSolutionNode = FALSE
	EndGlobalSection
	GlobalSection(ExtensibilityGlobals) = postSolution
		SolutionGuid = {0688104D-C534-470A-980D-8E47ED4F4E56}
	EndGlobalSection
EndGlobal
